
Microsoft Visual Studio Solution File, Format Version 12.00
# Visual Studio 2012
Project("{FAE04EC0-301F-11D3-BF4B-00C04F79EFBC}") = "Lab5_Hotel", "Lab5_Hotel\Lab5_Hotel.csproj", "{3FF8A577-7AB8-4F1B-A7BE-52E826E7DB93}"
EndProject
Global
	GlobalSection(SolutionConfigurationPlatforms) = preSolution
		Debug|Any CPU = Debug|Any CPU
		Release|Any CPU = Release|Any CPU
	EndGlobalSection
	GlobalSection(ProjectConfigurationPlatforms) = postSolution
		{3FF8A577-7AB8-4F1B-A7BE-52E826E7DB93}.Debug|Any CPU.ActiveCfg = Debug|Any CPU
		{3FF8A577-7AB8-4F1B-A7BE-52E826E7DB93}.Debug|Any CPU.Build.0 = Debug|Any CPU
		{3FF8A577-7AB8-4F1B-A7BE-52E826E7DB93}.Release|Any CPU.ActiveCfg = Release|Any CPU
		{3FF8A577-7AB8-4F1B-A7BE-52E826E7DB93}.Release|Any CPU.Build.0 = Release|Any CPU
	EndGlobalSection
	GlobalSection(SolutionProperties) = preSolution
		HideSolutionNode = FALSE
	EndGlobalSection
EndGlobal
